
Microsoft Visual Studio Solution File, Format Version 12.00
# Visual Studio Version 17
VisualStudioVersion = 17.11.35312.102
MinimumVisualStudioVersion = 10.0.40219.1
Project("{FAE04EC0-301F-11D3-BF4B-00C04F79EFBC}") = "Create_Id_Unique", "Create_Id_Unique\Create_Id_Unique.csproj", "{7204F0AA-655E-44B6-A86A-1AD78F28F193}"
EndProject
Global
	GlobalSection(SolutionConfigurationPlatforms) = preSolution
		Debug|Any CPU = Debug|Any CPU
		Release|Any CPU = Release|Any CPU
	EndGlobalSection
	GlobalSection(ProjectConfigurationPlatforms) = postSolution
		{7204F0AA-655E-44B6-A86A-1AD78F28F193}.Debug|Any CPU.ActiveCfg = Debug|Any CPU
		{7204F0AA-655E-44B6-A86A-1AD78F28F193}.Debug|Any CPU.Build.0 = Debug|Any CPU
		{7204F0AA-655E-44B6-A86A-1AD78F28F193}.Release|Any CPU.ActiveCfg = Release|Any CPU
		{7204F0AA-655E-44B6-A86A-1AD78F28F193}.Release|Any CPU.Build.0 = Release|Any CPU
	EndGlobalSection
	GlobalSection(SolutionProperties) = preSolution
		HideSolutionNode = FALSE
	EndGlobalSection
	GlobalSection(ExtensibilityGlobals) = postSolution
		SolutionGuid = {165927C6-C94E-488F-8242-1FD2F23269EC}
	EndGlobalSection
EndGlobal
